{
  "name": "gclb.ts",
  "version": "1.0.0",
  "lockfileVersion": 2,
  "requires": true,
  "packages": {
    "": {
      "name": "gclb.ts",
      "version": "1.0.0",
      "license": "ISC",
      "dependencies": {
        "simpleargumentsparser": "^1.0.4"
      },
      "devDependencies": {
        "@types/minimist": "^1.2.2",
        "@types/node": "^16.11.26",
        "minimist": "^1.2.6",
        "typescript": "^4.5.2"
      }
    },
    "node_modules/@types/minimist": {
      "version": "1.2.2",
      "resolved": "https://registry.npmjs.org/@types/minimist/-/minimist-1.2.2.tgz",
      "integrity": "sha512-jhuKLIRrhvCPLqwPcx6INqmKeiA5EWrsCOPhrlFSrbrmU4ZMPjj5Ul/oLCMDO98XRUIwVm78xICz4EPCektzeQ==",
      "dev": true
    },
    "node_modules/@types/node": {
      "version": "16.11.26",
      "resolved": "https://registry.npmjs.org/@types/node/-/node-16.11.26.tgz",
      "integrity": "sha512-GZ7bu5A6+4DtG7q9GsoHXy3ALcgeIHP4NnL0Vv2wu0uUB/yQex26v0tf6/na1mm0+bS9Uw+0DFex7aaKr2qawQ==",
      "dev": true
    },
    "node_modules/minimist": {
      "version": "1.2.6",
      "resolved": "https://registry.npmjs.org/minimist/-/minimist-1.2.6.tgz",
      "integrity": "sha512-Jsjnk4bw3YJqYzbdyBiNsPWHPfO++UGG749Cxs6peCu5Xg4nrena6OVxOYxrQTqww0Jmwt+Ref8rggumkTLz9Q==",
      "dev": true
    },
    "node_modules/simpleargumentsparser": {
      "version": "1.0.4",
      "resolved": "https://registry.npmjs.org/simpleargumentsparser/-/simpleargumentsparser-1.0.4.tgz",
      "integrity": "sha512-k3noS8Pzl8DYybaw7bSZcFaiPMx2GncFQ9iWof4EOlYRCpAGVFAevQ3weBb92z5VwilpTbxvkSN6VpZIdv8kHg==",
      "dependencies": {
        "typescript": "^4.6.3"
      }
    },
    "node_modules/typescript": {
      "version": "4.6.3",
      "resolved": "https://registry.npmjs.org/typescript/-/typescript-4.6.3.tgz",
      "integrity": "sha512-yNIatDa5iaofVozS/uQJEl3JRWLKKGJKh6Yaiv0GLGSuhpFJe7P3SbHZ8/yjAHRQwKRoA6YZqlfjXWmVzoVSMw==",
      "bin": {
        "tsc": "bin/tsc",
        "tsserver": "bin/tsserver"
      },
      "engines": {
        "node": ">=4.2.0"
      }
    }
  },
  "dependencies": {
    "@types/minimist": {
      "version": "1.2.2",
      "resolved": "https://registry.npmjs.org/@types/minimist/-/minimist-1.2.2.tgz",
      "integrity": "sha512-jhuKLIRrhvCPLqwPcx6INqmKeiA5EWrsCOPhrlFSrbrmU4ZMPjj5Ul/oLCMDO98XRUIwVm78xICz4EPCektzeQ==",
      "dev": true
    },
    "@types/node": {
      "version": "16.11.26",
      "resolved": "https://registry.npmjs.org/@types/node/-/node-16.11.26.tgz",
      "integrity": "sha512-GZ7bu5A6+4DtG7q9GsoHXy3ALcgeIHP4NnL0Vv2wu0uUB/yQex26v0tf6/na1mm0+bS9Uw+0DFex7aaKr2qawQ==",
      "dev": true
    },
    "minimist": {
      "version": "1.2.6",
      "resolved": "https://registry.npmjs.org/minimist/-/minimist-1.2.6.tgz",
      "integrity": "sha512-Jsjnk4bw3YJqYzbdyBiNsPWHPfO++UGG749Cxs6peCu5Xg4nrena6OVxOYxrQTqww0Jmwt+Ref8rggumkTLz9Q==",
      "dev": true
    },
    "simpleargumentsparser": {
      "version": "1.0.4",
      "resolved": "https://registry.npmjs.org/simpleargumentsparser/-/simpleargumentsparser-1.0.4.tgz",
      "integrity": "sha512-k3noS8Pzl8DYybaw7bSZcFaiPMx2GncFQ9iWof4EOlYRCpAGVFAevQ3weBb92z5VwilpTbxvkSN6VpZIdv8kHg==",
      "requires": {
        "typescript": "^4.6.3"
      }
    },
    "typescript": {
      "version": "4.6.3",
      "resolved": "https://registry.npmjs.org/typescript/-/typescript-4.6.3.tgz",
      "integrity": "sha512-yNIatDa5iaofVozS/uQJEl3JRWLKKGJKh6Yaiv0GLGSuhpFJe7P3SbHZ8/yjAHRQwKRoA6YZqlfjXWmVzoVSMw=="
    }
  }
}
